
Microsoft Visual Studio Solution File, Format Version 12.00
# Visual Studio Version 17
VisualStudioVersion = 17.5.33516.290
MinimumVisualStudioVersion = 10.0.40219.1
Project("{FAE04EC0-301F-11D3-BF4B-00C04F79EFBC}") = "WpfApp1", "WpfApp1\WpfApp1.csproj", "{3AA82E22-6B12-43E2-AFAC-11C77E89A0F0}"
EndProject
Global
	GlobalSection(SolutionConfigurationPlatforms) = preSolution
		Debug|Any CPU = Debug|Any CPU
		Release|Any CPU = Release|Any CPU
	EndGlobalSection
	GlobalSection(ProjectConfigurationPlatforms) = postSolution
		{3AA82E22-6B12-43E2-AFAC-11C77E89A0F0}.Debug|Any CPU.ActiveCfg = Debug|Any CPU
		{3AA82E22-6B12-43E2-AFAC-11C77E89A0F0}.Debug|Any CPU.Build.0 = Debug|Any CPU
		{3AA82E22-6B12-43E2-AFAC-11C77E89A0F0}.Release|Any CPU.ActiveCfg = Release|Any CPU
		{3AA82E22-6B12-43E2-AFAC-11C77E89A0F0}.Release|Any CPU.Build.0 = Release|Any CPU
	EndGlobalSection
	GlobalSection(SolutionProperties) = preSolution
		HideSolutionNode = FALSE
	EndGlobalSection
	GlobalSection(ExtensibilityGlobals) = postSolution
		SolutionGuid = {8F5812FA-207A-4E03-8A53-A7807D656F85}
	EndGlobalSection
EndGlobal
